{
  "object": {
    "pins": [
      {
        "package": "ArgumentParserKit",
        "repositoryURL": "https://github.com/crelies/ArgumentParserKit.git",
        "state": {
          "branch": null,
          "revision": "84d5bd8e1d39de53568333838f52ac4c4984431f",
          "version": "1.0.1"
        }
      },
      {
        "package": "SwiftyJSON",
        "repositoryURL": "https://github.com/SwiftyJSON/SwiftyJSON.git",
        "state": {
          "branch": null,
          "revision": "2b6054efa051565954e1d2b9da831680026cd768",
          "version": "4.3.0"
        }
      }
    ]
  },
  "version": 1
}
